// !$*UTF8*$!
{
	archiveVersion = 1;
	classes = {
	};
	objectVersion = 46;
	objects = {

/* Begin PBXFileReference section */
		4C2681FA18BE81C800124602 /* Calculator */ = {isa = PBXFileReference; lastKnownFileType = folder; path = Calculator; sourceTree = "<group>"; };
		F526F7B519B6753300A32D8E /* BlueCenterCircle */ = {isa = PBXFileReference; lastKnownFileType = folder; path = BlueCenterCircle; sourceTree = "<group>"; };
		F526F7B619B6753300A32D8E /* BlueCenterRectangle */ = {isa = PBXFileReference; lastKnownFileType = folder; path = BlueCenterRectangle; sourceTree = "<group>"; };
		F526F7B819B6753300A32D8E /* BlueRectangle */ = {isa = PBXFileReference; lastKnownFileType = folder; path = BlueRectangle; sourceTree = "<group>"; };
		F526F7B919B6753300A32D8E /* BrownCenterCircle */ = {isa = PBXFileReference; lastKnownFileType = folder; path = BrownCenterCircle; sourceTree = "<group>"; };
		F526F7BA19B6753300A32D8E /* BrownCenterRectangle */ = {isa = PBXFileReference; lastKnownFileType = folder; path = BrownCenterRectangle; sourceTree = "<group>"; };
		F526F7BB19B6753300A32D8E /* BrownCircle */ = {isa = PBXFileReference; lastKnownFileType = folder; path = BrownCircle; sourceTree = "<group>"; };
		F526F7BC19B6753300A32D8E /* BrownRectangle */ = {isa = PBXFileReference; lastKnownFileType = folder; path = BrownRectangle; sourceTree = "<group>"; };
		F526F7C119B6753400A32D8E /* GrayCenterCircle */ = {isa = PBXFileReference; lastKnownFileType = folder; path = GrayCenterCircle; sourceTree = "<group>"; };
		F526F7C219B6753400A32D8E /* GrayCenterRectangle */ = {isa = PBXFileReference; lastKnownFileType = folder; path = GrayCenterRectangle; sourceTree = "<group>"; };
		F526F7C319B6753400A32D8E /* GrayCircle */ = {isa = PBXFileReference; lastKnownFileType = folder; path = GrayCircle; sourceTree = "<group>"; };
		F526F7C419B6753400A32D8E /* GrayRectangle */ = {isa = PBXFileReference; lastKnownFileType = folder; path = GrayRectangle; sourceTree = "<group>"; };
		F526F7C519B6753400A32D8E /* GreenCenterCircle */ = {isa = PBXFileReference; lastKnownFileType = folder; path = GreenCenterCircle; sourceTree = "<group>"; };
		F526F7C719B6753400A32D8E /* GreenCircle */ = {isa = PBXFileReference; lastKnownFileType = folder; path = GreenCircle; sourceTree = "<group>"; };
		F526F7C819B6753400A32D8E /* GreenRectangle */ = {isa = PBXFileReference; lastKnownFileType = folder; path = GreenRectangle; sourceTree = "<group>"; };
		F526F7CF19B6753400A32D8E /* README.md */ = {isa = PBXFileReference; lastKnownFileType = text; path = README.md; sourceTree = "<group>"; };
		F526F7D019B6753400A32D8E /* RedCenterCircle */ = {isa = PBXFileReference; lastKnownFileType = folder; path = RedCenterCircle; sourceTree = "<group>"; };
		F526F7D119B6753400A32D8E /* RedCenterRectangle */ = {isa = PBXFileReference; lastKnownFileType = folder; path = RedCenterRectangle; sourceTree = "<group>"; };
		F526F7D219B6753400A32D8E /* RedCircle */ = {isa = PBXFileReference; lastKnownFileType = folder; path = RedCircle; sourceTree = "<group>"; };
/* End PBXFileReference section */

/* Begin PBXGroup section */
		4C2681F018BE817B00124602 = {
			isa = PBXGroup;
			children = (
				F526F7B519B6753300A32D8E /* BlueCenterCircle */,
				F526F7B619B6753300A32D8E /* BlueCenterRectangle */,
				F526F7B819B6753300A32D8E /* BlueRectangle */,
				F526F7B919B6753300A32D8E /* BrownCenterCircle */,
				F526F7BA19B6753300A32D8E /* BrownCenterRectangle */,
				F526F7BB19B6753300A32D8E /* BrownCircle */,
				F526F7BC19B6753300A32D8E /* BrownRectangle */,
				4C2681FA18BE81C800124602 /* Calculator */,
				F526F7C119B6753400A32D8E /* GrayCenterCircle */,
				F526F7C219B6753400A32D8E /* GrayCenterRectangle */,
				F526F7C319B6753400A32D8E /* GrayCircle */,
				F526F7C419B6753400A32D8E /* GrayRectangle */,
				F526F7C519B6753400A32D8E /* GreenCenterCircle */,
				F526F7C719B6753400A32D8E /* GreenCircle */,
				F526F7C819B6753400A32D8E /* GreenRectangle */,
				F526F7CF19B6753400A32D8E /* README.md */,
				F526F7D019B6753400A32D8E /* RedCenterCircle */,
				F526F7D119B6753400A32D8E /* RedCenterRectangle */,
				F526F7D219B6753400A32D8E /* RedCircle */,
			);
			sourceTree = "<group>";
		};
/* End PBXGroup section */

/* Begin PBXProject section */
		4C2681F118BE817B00124602 /* Project object */ = {
			isa = PBXProject;
			attributes = {
				LastUpgradeCheck = 0500;
			};
			buildConfigurationList = 4C2681F418BE817B00124602 /* Build configuration list for PBXProject "applications" */;
			compatibilityVersion = "Xcode 3.2";
			developmentRegion = English;
			hasScannedForEncodings = 0;
			knownRegions = (
				en,
			);
			mainGroup = 4C2681F018BE817B00124602;
			projectDirPath = "";
			projectRoot = "";
			targets = (
			);
		};
/* End PBXProject section */

/* Begin XCBuildConfiguration section */
		4C2681F518BE817B00124602 /* Debug */ = {
			isa = XCBuildConfiguration;
			buildSettings = {
			};
			name = Debug;
		};
		4C2681F618BE817B00124602 /* Release */ = {
			isa = XCBuildConfiguration;
			buildSettings = {
			};
			name = Release;
		};
/* End XCBuildConfiguration section */

/* Begin XCConfigurationList section */
		4C2681F418BE817B00124602 /* Build configuration list for PBXProject "applications" */ = {
			isa = XCConfigurationList;
			buildConfigurations = (
				4C2681F518BE817B00124602 /* Debug */,
				4C2681F618BE817B00124602 /* Release */,
			);
			defaultConfigurationIsVisible = 0;
			defaultConfigurationName = Release;
		};
/* End XCConfigurationList section */
	};
	rootObject = 4C2681F118BE817B00124602 /* Project object */;
}
